
Microsoft Visual Studio Solution File, Format Version 12.00
# Visual Studio 2013
VisualStudioVersion = 12.0.21005.1
MinimumVisualStudioVersion = 10.0.40219.1
Project("{F184B08F-C81C-45F6-A57F-5ABD9991F28F}") = "GMIS.UnitTests", "GMIS.UnitTests\GMIS.UnitTests.vbproj", "{F9A3FECF-EF9F-4228-B4B9-75A232F5EA79}"
EndProject
Project("{F184B08F-C81C-45F6-A57F-5ABD9991F28F}") = "GMIS.Business", "GMIS.Business\GMIS.Business.vbproj", "{7F394BB9-44F2-4415-9EED-8ACCFCE05D1A}"
EndProject
Global
	GlobalSection(SolutionConfigurationPlatforms) = preSolution
		Debug|Any CPU = Debug|Any CPU
		Release|Any CPU = Release|Any CPU
	EndGlobalSection
	GlobalSection(ProjectConfigurationPlatforms) = postSolution
		{F9A3FECF-EF9F-4228-B4B9-75A232F5EA79}.Debug|Any CPU.ActiveCfg = Debug|Any CPU
		{F9A3FECF-EF9F-4228-B4B9-75A232F5EA79}.Debug|Any CPU.Build.0 = Debug|Any CPU
		{F9A3FECF-EF9F-4228-B4B9-75A232F5EA79}.Release|Any CPU.ActiveCfg = Release|Any CPU
		{F9A3FECF-EF9F-4228-B4B9-75A232F5EA79}.Release|Any CPU.Build.0 = Release|Any CPU
		{7F394BB9-44F2-4415-9EED-8ACCFCE05D1A}.Debug|Any CPU.ActiveCfg = Debug|Any CPU
		{7F394BB9-44F2-4415-9EED-8ACCFCE05D1A}.Debug|Any CPU.Build.0 = Debug|Any CPU
		{7F394BB9-44F2-4415-9EED-8ACCFCE05D1A}.Release|Any CPU.ActiveCfg = Release|Any CPU
		{7F394BB9-44F2-4415-9EED-8ACCFCE05D1A}.Release|Any CPU.Build.0 = Release|Any CPU
	EndGlobalSection
	GlobalSection(SolutionProperties) = preSolution
		HideSolutionNode = FALSE
	EndGlobalSection
EndGlobal
